
Microsoft Visual Studio Solution File, Format Version 12.00
# Visual Studio Version 16
VisualStudioVersion = 16.0.31112.23
MinimumVisualStudioVersion = 10.0.40219.1
Project("{FAE04EC0-301F-11D3-BF4B-00C04F79EFBC}") = "Практическая №7, второй курс", "Практическая №7, второй курс\Практическая №7, второй курс.csproj", "{A424C817-D6E6-44F4-AA0D-BA8A101C59BD}"
EndProject
Global
	GlobalSection(SolutionConfigurationPlatforms) = preSolution
		Debug|Any CPU = Debug|Any CPU
		Release|Any CPU = Release|Any CPU
	EndGlobalSection
	GlobalSection(ProjectConfigurationPlatforms) = postSolution
		{A424C817-D6E6-44F4-AA0D-BA8A101C59BD}.Debug|Any CPU.ActiveCfg = Debug|Any CPU
		{A424C817-D6E6-44F4-AA0D-BA8A101C59BD}.Debug|Any CPU.Build.0 = Debug|Any CPU
		{A424C817-D6E6-44F4-AA0D-BA8A101C59BD}.Release|Any CPU.ActiveCfg = Release|Any CPU
		{A424C817-D6E6-44F4-AA0D-BA8A101C59BD}.Release|Any CPU.Build.0 = Release|Any CPU
	EndGlobalSection
	GlobalSection(SolutionProperties) = preSolution
		HideSolutionNode = FALSE
	EndGlobalSection
	GlobalSection(ExtensibilityGlobals) = postSolution
		SolutionGuid = {53BC582E-E5E2-46CD-8254-FEF76A76CE7D}
	EndGlobalSection
EndGlobal
